// !$*UTF8*$!
{
	archiveVersion = 1;
	classes = {
	};
	objectVersion = 56;
	objects = {

/* Begin PBXBuildFile section */
		676284C52AB0CCE700F1A810 /* Project.swift in Sources */ = {isa = PBXBuildFile; fileRef = 676284C42AB0CCE700F1A810 /* Project.swift */; };
		67E1B8A92A9CD6EB00501051 /* AppDelegate.swift in Sources */ = {isa = PBXBuildFile; fileRef = 67E1B8A82A9CD6EB00501051 /* AppDelegate.swift */; };
		67E1B8AB2A9CD6EB00501051 /* SceneDelegate.swift in Sources */ = {isa = PBXBuildFile; fileRef = 67E1B8AA2A9CD6EB00501051 /* SceneDelegate.swift */; };
		67E1B8AD2A9CD6EB00501051 /* ViewController.swift in Sources */ = {isa = PBXBuildFile; fileRef = 67E1B8AC2A9CD6EB00501051 /* ViewController.swift */; };
		67E1B8B02A9CD6EB00501051 /* Main.storyboard in Resources */ = {isa = PBXBuildFile; fileRef = 67E1B8AE2A9CD6EB00501051 /* Main.storyboard */; };
		67E1B8B22A9CD6EC00501051 /* Assets.xcassets in Resources */ = {isa = PBXBuildFile; fileRef = 67E1B8B12A9CD6EC00501051 /* Assets.xcassets */; };
		67E1B8B52A9CD6EC00501051 /* LaunchScreen.storyboard in Resources */ = {isa = PBXBuildFile; fileRef = 67E1B8B32A9CD6EC00501051 /* LaunchScreen.storyboard */; };
		67E1B8BF2A9DD49A00501051 /* DispatchConfig.swift in Sources */ = {isa = PBXBuildFile; fileRef = 67E1B8BE2A9DD49A00501051 /* DispatchConfig.swift */; };
		67E1B8C12AA23CF500501051 /* output in Resources */ = {isa = PBXBuildFile; fileRef = 67E1B8C02AA23CF500501051 /* output */; };
		67E1B8CA2AA8D12A00501051 /* Fluid.metal in Sources */ = {isa = PBXBuildFile; fileRef = 67E1B8C92AA8D12A00501051 /* Fluid.metal */; };
		67E1B8CC2AA8D12C00501051 /* Shaders.metal in Sources */ = {isa = PBXBuildFile; fileRef = 67E1B8CB2AA8D12C00501051 /* Shaders.metal */; };
		67E1B8D12AA975D600501051 /* Advect.swift in Sources */ = {isa = PBXBuildFile; fileRef = 67E1B8D02AA975D600501051 /* Advect.swift */; };
		67E1B8D52AA978FE00501051 /* ShaderCommand.swift in Sources */ = {isa = PBXBuildFile; fileRef = 67E1B8D42AA978FE00501051 /* ShaderCommand.swift */; };
		67E1B8D72AA9918800501051 /* Renderer.swift in Sources */ = {isa = PBXBuildFile; fileRef = 67E1B8D62AA9918800501051 /* Renderer.swift */; };
		67E1B8D92AA992B700501051 /* Renderer.Simulator.swift in Sources */ = {isa = PBXBuildFile; fileRef = 67E1B8D82AA992B700501051 /* Renderer.Simulator.swift */; };
		67E1B8DB2AA9937C00501051 /* Fluid.swift in Sources */ = {isa = PBXBuildFile; fileRef = 67E1B8DA2AA9937C00501051 /* Fluid.swift */; };
		67E1B8DD2AA997A700501051 /* Renderer.Visualizer.swift in Sources */ = {isa = PBXBuildFile; fileRef = 67E1B8DC2AA997A700501051 /* Renderer.Visualizer.swift */; };
		67E1B8DF2AA9982900501051 /* Slab.swift in Sources */ = {isa = PBXBuildFile; fileRef = 67E1B8DE2AA9982900501051 /* Slab.swift */; };
		67E1B8E12AAB12F000501051 /* AddForce.swift in Sources */ = {isa = PBXBuildFile; fileRef = 67E1B8E02AAB12F000501051 /* AddForce.swift */; };
		67E1B8E52AAED99500501051 /* CalForce.swift in Sources */ = {isa = PBXBuildFile; fileRef = 67E1B8E42AAED99500501051 /* CalForce.swift */; };
/* End PBXBuildFile section */

/* Begin PBXFileReference section */
		676284C42AB0CCE700F1A810 /* Project.swift */ = {isa = PBXFileReference; lastKnownFileType = sourcecode.swift; path = Project.swift; sourceTree = "<group>"; };
		67E1B8A52A9CD6EB00501051 /* MetalFluid.app */ = {isa = PBXFileReference; explicitFileType = wrapper.application; includeInIndex = 0; path = MetalFluid.app; sourceTree = BUILT_PRODUCTS_DIR; };
		67E1B8A82A9CD6EB00501051 /* AppDelegate.swift */ = {isa = PBXFileReference; lastKnownFileType = sourcecode.swift; path = AppDelegate.swift; sourceTree = "<group>"; };
		67E1B8AA2A9CD6EB00501051 /* SceneDelegate.swift */ = {isa = PBXFileReference; lastKnownFileType = sourcecode.swift; path = SceneDelegate.swift; sourceTree = "<group>"; };
		67E1B8AC2A9CD6EB00501051 /* ViewController.swift */ = {isa = PBXFileReference; lastKnownFileType = sourcecode.swift; path = ViewController.swift; sourceTree = "<group>"; };
		67E1B8AF2A9CD6EB00501051 /* Base */ = {isa = PBXFileReference; lastKnownFileType = file.storyboard; name = Base; path = Base.lproj/Main.storyboard; sourceTree = "<group>"; };
		67E1B8B12A9CD6EC00501051 /* Assets.xcassets */ = {isa = PBXFileReference; lastKnownFileType = folder.assetcatalog; path = Assets.xcassets; sourceTree = "<group>"; };
		67E1B8B42A9CD6EC00501051 /* Base */ = {isa = PBXFileReference; lastKnownFileType = file.storyboard; name = Base; path = Base.lproj/LaunchScreen.storyboard; sourceTree = "<group>"; };
		67E1B8B62A9CD6EC00501051 /* Info.plist */ = {isa = PBXFileReference; lastKnownFileType = text.plist.xml; path = Info.plist; sourceTree = "<group>"; };
		67E1B8BE2A9DD49A00501051 /* DispatchConfig.swift */ = {isa = PBXFileReference; lastKnownFileType = sourcecode.swift; path = DispatchConfig.swift; sourceTree = "<group>"; };
		67E1B8C02AA23CF500501051 /* output */ = {isa = PBXFileReference; lastKnownFileType = folder; path = output; sourceTree = "<group>"; };
		67E1B8C92AA8D12A00501051 /* Fluid.metal */ = {isa = PBXFileReference; lastKnownFileType = sourcecode.metal; path = Fluid.metal; sourceTree = "<group>"; };
		67E1B8CB2AA8D12C00501051 /* Shaders.metal */ = {isa = PBXFileReference; lastKnownFileType = sourcecode.metal; path = Shaders.metal; sourceTree = "<group>"; };
		67E1B8D02AA975D600501051 /* Advect.swift */ = {isa = PBXFileReference; lastKnownFileType = sourcecode.swift; path = Advect.swift; sourceTree = "<group>"; };
		67E1B8D42AA978FE00501051 /* ShaderCommand.swift */ = {isa = PBXFileReference; lastKnownFileType = sourcecode.swift; path = ShaderCommand.swift; sourceTree = "<group>"; };
		67E1B8D62AA9918800501051 /* Renderer.swift */ = {isa = PBXFileReference; lastKnownFileType = sourcecode.swift; path = Renderer.swift; sourceTree = "<group>"; };
		67E1B8D82AA992B700501051 /* Renderer.Simulator.swift */ = {isa = PBXFileReference; lastKnownFileType = sourcecode.swift; path = Renderer.Simulator.swift; sourceTree = "<group>"; };
		67E1B8DA2AA9937C00501051 /* Fluid.swift */ = {isa = PBXFileReference; lastKnownFileType = sourcecode.swift; path = Fluid.swift; sourceTree = "<group>"; };
		67E1B8DC2AA997A700501051 /* Renderer.Visualizer.swift */ = {isa = PBXFileReference; lastKnownFileType = sourcecode.swift; path = Renderer.Visualizer.swift; sourceTree = "<group>"; };
		67E1B8DE2AA9982900501051 /* Slab.swift */ = {isa = PBXFileReference; lastKnownFileType = sourcecode.swift; path = Slab.swift; sourceTree = "<group>"; };
		67E1B8E02AAB12F000501051 /* AddForce.swift */ = {isa = PBXFileReference; lastKnownFileType = sourcecode.swift; path = AddForce.swift; sourceTree = "<group>"; };
		67E1B8E42AAED99500501051 /* CalForce.swift */ = {isa = PBXFileReference; lastKnownFileType = sourcecode.swift; path = CalForce.swift; sourceTree = "<group>"; };
/* End PBXFileReference section */

/* Begin PBXFrameworksBuildPhase section */
		67E1B8A22A9CD6EB00501051 /* Frameworks */ = {
			isa = PBXFrameworksBuildPhase;
			buildActionMask = 2147483647;
			files = (
			);
			runOnlyForDeploymentPostprocessing = 0;
		};
/* End PBXFrameworksBuildPhase section */

/* Begin PBXGroup section */
		67E1B89C2A9CD6EB00501051 = {
			isa = PBXGroup;
			children = (
				67E1B8C02AA23CF500501051 /* output */,
				67E1B8A72A9CD6EB00501051 /* MetalFluid */,
				67E1B8A62A9CD6EB00501051 /* Products */,
			);
			sourceTree = "<group>";
		};
		67E1B8A62A9CD6EB00501051 /* Products */ = {
			isa = PBXGroup;
			children = (
				67E1B8A52A9CD6EB00501051 /* MetalFluid.app */,
			);
			name = Products;
			sourceTree = "<group>";
		};
		67E1B8A72A9CD6EB00501051 /* MetalFluid */ = {
			isa = PBXGroup;
			children = (
				67E1B8CF2AA8D22000501051 /* Commands */,
				67E1B8B62A9CD6EC00501051 /* Info.plist */,
				67E1B8D62AA9918800501051 /* Renderer.swift */,
				67E1B8D82AA992B700501051 /* Renderer.Simulator.swift */,
				67E1B8DC2AA997A700501051 /* Renderer.Visualizer.swift */,
				67E1B8DA2AA9937C00501051 /* Fluid.swift */,
				67E1B8AC2A9CD6EB00501051 /* ViewController.swift */,
				67E1B8A82A9CD6EB00501051 /* AppDelegate.swift */,
				67E1B8AA2A9CD6EB00501051 /* SceneDelegate.swift */,
				67E1B8AE2A9CD6EB00501051 /* Main.storyboard */,
				67E1B8B12A9CD6EC00501051 /* Assets.xcassets */,
				67E1B8B32A9CD6EC00501051 /* LaunchScreen.storyboard */,
				67E1B8CD2AA8D14300501051 /* Shaders */,
			);
			path = MetalFluid;
			sourceTree = "<group>";
		};
		67E1B8CD2AA8D14300501051 /* Shaders */ = {
			isa = PBXGroup;
			children = (
				67E1B8C92AA8D12A00501051 /* Fluid.metal */,
				67E1B8CB2AA8D12C00501051 /* Shaders.metal */,
			);
			path = Shaders;
			sourceTree = "<group>";
		};
		67E1B8CF2AA8D22000501051 /* Commands */ = {
			isa = PBXGroup;
			children = (
				67E1B8BE2A9DD49A00501051 /* DispatchConfig.swift */,
				67E1B8DE2AA9982900501051 /* Slab.swift */,
				67E1B8D02AA975D600501051 /* Advect.swift */,
				67E1B8E02AAB12F000501051 /* AddForce.swift */,
				67E1B8E42AAED99500501051 /* CalForce.swift */,
				67E1B8D42AA978FE00501051 /* ShaderCommand.swift */,
				676284C42AB0CCE700F1A810 /* Project.swift */,
			);
			path = Commands;
			sourceTree = "<group>";
		};
/* End PBXGroup section */

/* Begin PBXNativeTarget section */
		67E1B8A42A9CD6EB00501051 /* MetalFluid */ = {
			isa = PBXNativeTarget;
			buildConfigurationList = 67E1B8B92A9CD6EC00501051 /* Build configuration list for PBXNativeTarget "MetalFluid" */;
			buildPhases = (
				67E1B8A12A9CD6EB00501051 /* Sources */,
				67E1B8A22A9CD6EB00501051 /* Frameworks */,
				67E1B8A32A9CD6EB00501051 /* Resources */,
			);
			buildRules = (
			);
			dependencies = (
			);
			name = MetalFluid;
			productName = MetalFluid;
			productReference = 67E1B8A52A9CD6EB00501051 /* MetalFluid.app */;
			productType = "com.apple.product-type.application";
		};
/* End PBXNativeTarget section */

/* Begin PBXProject section */
		67E1B89D2A9CD6EB00501051 /* Project object */ = {
			isa = PBXProject;
			attributes = {
				BuildIndependentTargetsInParallel = 1;
				LastSwiftUpdateCheck = 1420;
				LastUpgradeCheck = 1420;
				TargetAttributes = {
					67E1B8A42A9CD6EB00501051 = {
						CreatedOnToolsVersion = 14.2;
					};
				};
			};
			buildConfigurationList = 67E1B8A02A9CD6EB00501051 /* Build configuration list for PBXProject "MetalFluid" */;
			compatibilityVersion = "Xcode 14.0";
			developmentRegion = en;
			hasScannedForEncodings = 0;
			knownRegions = (
				en,
				Base,
			);
			mainGroup = 67E1B89C2A9CD6EB00501051;
			productRefGroup = 67E1B8A62A9CD6EB00501051 /* Products */;
			projectDirPath = "";
			projectRoot = "";
			targets = (
				67E1B8A42A9CD6EB00501051 /* MetalFluid */,
			);
		};
/* End PBXProject section */

/* Begin PBXResourcesBuildPhase section */
		67E1B8A32A9CD6EB00501051 /* Resources */ = {
			isa = PBXResourcesBuildPhase;
			buildActionMask = 2147483647;
			files = (
				67E1B8B52A9CD6EC00501051 /* LaunchScreen.storyboard in Resources */,
				67E1B8B22A9CD6EC00501051 /* Assets.xcassets in Resources */,
				67E1B8B02A9CD6EB00501051 /* Main.storyboard in Resources */,
				67E1B8C12AA23CF500501051 /* output in Resources */,
			);
			runOnlyForDeploymentPostprocessing = 0;
		};
/* End PBXResourcesBuildPhase section */

/* Begin PBXSourcesBuildPhase section */
		67E1B8A12A9CD6EB00501051 /* Sources */ = {
			isa = PBXSourcesBuildPhase;
			buildActionMask = 2147483647;
			files = (
				67E1B8CC2AA8D12C00501051 /* Shaders.metal in Sources */,
				67E1B8BF2A9DD49A00501051 /* DispatchConfig.swift in Sources */,
				67E1B8D92AA992B700501051 /* Renderer.Simulator.swift in Sources */,
				67E1B8DD2AA997A700501051 /* Renderer.Visualizer.swift in Sources */,
				67E1B8E52AAED99500501051 /* CalForce.swift in Sources */,
				67E1B8AD2A9CD6EB00501051 /* ViewController.swift in Sources */,
				67E1B8CA2AA8D12A00501051 /* Fluid.metal in Sources */,
				67E1B8DB2AA9937C00501051 /* Fluid.swift in Sources */,
				67E1B8DF2AA9982900501051 /* Slab.swift in Sources */,
				67E1B8D52AA978FE00501051 /* ShaderCommand.swift in Sources */,
				67E1B8E12AAB12F000501051 /* AddForce.swift in Sources */,
				67E1B8D12AA975D600501051 /* Advect.swift in Sources */,
				67E1B8A92A9CD6EB00501051 /* AppDelegate.swift in Sources */,
				67E1B8D72AA9918800501051 /* Renderer.swift in Sources */,
				67E1B8AB2A9CD6EB00501051 /* SceneDelegate.swift in Sources */,
				676284C52AB0CCE700F1A810 /* Project.swift in Sources */,
			);
			runOnlyForDeploymentPostprocessing = 0;
		};
/* End PBXSourcesBuildPhase section */

/* Begin PBXVariantGroup section */
		67E1B8AE2A9CD6EB00501051 /* Main.storyboard */ = {
			isa = PBXVariantGroup;
			children = (
				67E1B8AF2A9CD6EB00501051 /* Base */,
			);
			name = Main.storyboard;
			sourceTree = "<group>";
		};
		67E1B8B32A9CD6EC00501051 /* LaunchScreen.storyboard */ = {
			isa = PBXVariantGroup;
			children = (
				67E1B8B42A9CD6EC00501051 /* Base */,
			);
			name = LaunchScreen.storyboard;
			sourceTree = "<group>";
		};
/* End PBXVariantGroup section */

/* Begin XCBuildConfiguration section */
		67E1B8B72A9CD6EC00501051 /* Debug */ = {
			isa = XCBuildConfiguration;
			buildSettings = {
				ALWAYS_SEARCH_USER_PATHS = NO;
				CLANG_ANALYZER_NONNULL = YES;
				CLANG_ANALYZER_NUMBER_OBJECT_CONVERSION = YES_AGGRESSIVE;
				CLANG_CXX_LANGUAGE_STANDARD = "gnu++20";
				CLANG_ENABLE_MODULES = YES;
				CLANG_ENABLE_OBJC_ARC = YES;
				CLANG_ENABLE_OBJC_WEAK = YES;
				CLANG_WARN_BLOCK_CAPTURE_AUTORELEASING = YES;
				CLANG_WARN_BOOL_CONVERSION = YES;
				CLANG_WARN_COMMA = YES;
				CLANG_WARN_CONSTANT_CONVERSION = YES;
				CLANG_WARN_DEPRECATED_OBJC_IMPLEMENTATIONS = YES;
				CLANG_WARN_DIRECT_OBJC_ISA_USAGE = YES_ERROR;
				CLANG_WARN_DOCUMENTATION_COMMENTS = YES;
				CLANG_WARN_EMPTY_BODY = YES;
				CLANG_WARN_ENUM_CONVERSION = YES;
				CLANG_WARN_INFINITE_RECURSION = YES;
				CLANG_WARN_INT_CONVERSION = YES;
				CLANG_WARN_NON_LITERAL_NULL_CONVERSION = YES;
				CLANG_WARN_OBJC_IMPLICIT_RETAIN_SELF = YES;
				CLANG_WARN_OBJC_LITERAL_CONVERSION = YES;
				CLANG_WARN_OBJC_ROOT_CLASS = YES_ERROR;
				CLANG_WARN_QUOTED_INCLUDE_IN_FRAMEWORK_HEADER = YES;
				CLANG_WARN_RANGE_LOOP_ANALYSIS = YES;
				CLANG_WARN_STRICT_PROTOTYPES = YES;
				CLANG_WARN_SUSPICIOUS_MOVE = YES;
				CLANG_WARN_UNGUARDED_AVAILABILITY = YES_AGGRESSIVE;
				CLANG_WARN_UNREACHABLE_CODE = YES;
				CLANG_WARN__DUPLICATE_METHOD_MATCH = YES;
				COPY_PHASE_STRIP = NO;
				DEBUG_INFORMATION_FORMAT = dwarf;
				ENABLE_STRICT_OBJC_MSGSEND = YES;
				ENABLE_TESTABILITY = YES;
				GCC_C_LANGUAGE_STANDARD = gnu11;
				GCC_DYNAMIC_NO_PIC = NO;
				GCC_NO_COMMON_BLOCKS = YES;
				GCC_OPTIMIZATION_LEVEL = 0;
				GCC_PREPROCESSOR_DEFINITIONS = (
					"DEBUG=1",
					"$(inherited)",
				);
				GCC_WARN_64_TO_32_BIT_CONVERSION = YES;
				GCC_WARN_ABOUT_RETURN_TYPE = YES_ERROR;
				GCC_WARN_UNDECLARED_SELECTOR = YES;
				GCC_WARN_UNINITIALIZED_AUTOS = YES_AGGRESSIVE;
				GCC_WARN_UNUSED_FUNCTION = YES;
				GCC_WARN_UNUSED_VARIABLE = YES;
				IPHONEOS_DEPLOYMENT_TARGET = 16.2;
				MTL_ENABLE_DEBUG_INFO = INCLUDE_SOURCE;
				MTL_FAST_MATH = YES;
				ONLY_ACTIVE_ARCH = YES;
				SDKROOT = iphoneos;
				SWIFT_ACTIVE_COMPILATION_CONDITIONS = DEBUG;
				SWIFT_OPTIMIZATION_LEVEL = "-Onone";
			};
			name = Debug;
		};
		67E1B8B82A9CD6EC00501051 /* Release */ = {
			isa = XCBuildConfiguration;
			buildSettings = {
				ALWAYS_SEARCH_USER_PATHS = NO;
				CLANG_ANALYZER_NONNULL = YES;
				CLANG_ANALYZER_NUMBER_OBJECT_CONVERSION = YES_AGGRESSIVE;
				CLANG_CXX_LANGUAGE_STANDARD = "gnu++20";
				CLANG_ENABLE_MODULES = YES;
				CLANG_ENABLE_OBJC_ARC = YES;
				CLANG_ENABLE_OBJC_WEAK = YES;
				CLANG_WARN_BLOCK_CAPTURE_AUTORELEASING = YES;
				CLANG_WARN_BOOL_CONVERSION = YES;
				CLANG_WARN_COMMA = YES;
				CLANG_WARN_CONSTANT_CONVERSION = YES;
				CLANG_WARN_DEPRECATED_OBJC_IMPLEMENTATIONS = YES;
				CLANG_WARN_DIRECT_OBJC_ISA_USAGE = YES_ERROR;
				CLANG_WARN_DOCUMENTATION_COMMENTS = YES;
				CLANG_WARN_EMPTY_BODY = YES;
				CLANG_WARN_ENUM_CONVERSION = YES;
				CLANG_WARN_INFINITE_RECURSION = YES;
				CLANG_WARN_INT_CONVERSION = YES;
				CLANG_WARN_NON_LITERAL_NULL_CONVERSION = YES;
				CLANG_WARN_OBJC_IMPLICIT_RETAIN_SELF = YES;
				CLANG_WARN_OBJC_LITERAL_CONVERSION = YES;
				CLANG_WARN_OBJC_ROOT_CLASS = YES_ERROR;
				CLANG_WARN_QUOTED_INCLUDE_IN_FRAMEWORK_HEADER = YES;
				CLANG_WARN_RANGE_LOOP_ANALYSIS = YES;
				CLANG_WARN_STRICT_PROTOTYPES = YES;
				CLANG_WARN_SUSPICIOUS_MOVE = YES;
				CLANG_WARN_UNGUARDED_AVAILABILITY = YES_AGGRESSIVE;
				CLANG_WARN_UNREACHABLE_CODE = YES;
				CLANG_WARN__DUPLICATE_METHOD_MATCH = YES;
				COPY_PHASE_STRIP = NO;
				DEBUG_INFORMATION_FORMAT = "dwarf-with-dsym";
				ENABLE_NS_ASSERTIONS = NO;
				ENABLE_STRICT_OBJC_MSGSEND = YES;
				GCC_C_LANGUAGE_STANDARD = gnu11;
				GCC_NO_COMMON_BLOCKS = YES;
				GCC_WARN_64_TO_32_BIT_CONVERSION = YES;
				GCC_WARN_ABOUT_RETURN_TYPE = YES_ERROR;
				GCC_WARN_UNDECLARED_SELECTOR = YES;
				GCC_WARN_UNINITIALIZED_AUTOS = YES_AGGRESSIVE;
				GCC_WARN_UNUSED_FUNCTION = YES;
				GCC_WARN_UNUSED_VARIABLE = YES;
				IPHONEOS_DEPLOYMENT_TARGET = 16.2;
				MTL_ENABLE_DEBUG_INFO = NO;
				MTL_FAST_MATH = YES;
				SDKROOT = iphoneos;
				SWIFT_COMPILATION_MODE = wholemodule;
				SWIFT_OPTIMIZATION_LEVEL = "-O";
				VALIDATE_PRODUCT = YES;
			};
			name = Release;
		};
		67E1B8BA2A9CD6EC00501051 /* Debug */ = {
			isa = XCBuildConfiguration;
			buildSettings = {
				ASSETCATALOG_COMPILER_APPICON_NAME = AppIcon;
				ASSETCATALOG_COMPILER_GLOBAL_ACCENT_COLOR_NAME = AccentColor;
				CODE_SIGN_STYLE = Automatic;
				CURRENT_PROJECT_VERSION = 1;
				DEVELOPMENT_TEAM = UHN7NN92K6;
				GENERATE_INFOPLIST_FILE = YES;
				INFOPLIST_FILE = MetalFluid/Info.plist;
				INFOPLIST_KEY_UIApplicationSupportsIndirectInputEvents = YES;
				INFOPLIST_KEY_UILaunchStoryboardName = LaunchScreen;
				INFOPLIST_KEY_UIMainStoryboardFile = Main;
				INFOPLIST_KEY_UISupportedInterfaceOrientations_iPad = "UIInterfaceOrientationPortrait UIInterfaceOrientationPortraitUpsideDown UIInterfaceOrientationLandscapeLeft UIInterfaceOrientationLandscapeRight";
				INFOPLIST_KEY_UISupportedInterfaceOrientations_iPhone = "UIInterfaceOrientationPortrait UIInterfaceOrientationLandscapeLeft UIInterfaceOrientationLandscapeRight";
				LD_RUNPATH_SEARCH_PATHS = (
					"$(inherited)",
					"@executable_path/Frameworks",
				);
				MARKETING_VERSION = 1.0;
				PRODUCT_BUNDLE_IDENTIFIER = com.example.MetalFluid;
				PRODUCT_NAME = "$(TARGET_NAME)";
				SWIFT_EMIT_LOC_STRINGS = YES;
				SWIFT_VERSION = 5.0;
				TARGETED_DEVICE_FAMILY = "1,2";
			};
			name = Debug;
		};
		67E1B8BB2A9CD6EC00501051 /* Release */ = {
			isa = XCBuildConfiguration;
			buildSettings = {
				ASSETCATALOG_COMPILER_APPICON_NAME = AppIcon;
				ASSETCATALOG_COMPILER_GLOBAL_ACCENT_COLOR_NAME = AccentColor;
				CODE_SIGN_STYLE = Automatic;
				CURRENT_PROJECT_VERSION = 1;
				DEVELOPMENT_TEAM = UHN7NN92K6;
				GENERATE_INFOPLIST_FILE = YES;
				INFOPLIST_FILE = MetalFluid/Info.plist;
				INFOPLIST_KEY_UIApplicationSupportsIndirectInputEvents = YES;
				INFOPLIST_KEY_UILaunchStoryboardName = LaunchScreen;
				INFOPLIST_KEY_UIMainStoryboardFile = Main;
				INFOPLIST_KEY_UISupportedInterfaceOrientations_iPad = "UIInterfaceOrientationPortrait UIInterfaceOrientationPortraitUpsideDown UIInterfaceOrientationLandscapeLeft UIInterfaceOrientationLandscapeRight";
				INFOPLIST_KEY_UISupportedInterfaceOrientations_iPhone = "UIInterfaceOrientationPortrait UIInterfaceOrientationLandscapeLeft UIInterfaceOrientationLandscapeRight";
				LD_RUNPATH_SEARCH_PATHS = (
					"$(inherited)",
					"@executable_path/Frameworks",
				);
				MARKETING_VERSION = 1.0;
				PRODUCT_BUNDLE_IDENTIFIER = com.example.MetalFluid;
				PRODUCT_NAME = "$(TARGET_NAME)";
				SWIFT_EMIT_LOC_STRINGS = YES;
				SWIFT_VERSION = 5.0;
				TARGETED_DEVICE_FAMILY = "1,2";
			};
			name = Release;
		};
/* End XCBuildConfiguration section */

/* Begin XCConfigurationList section */
		67E1B8A02A9CD6EB00501051 /* Build configuration list for PBXProject "MetalFluid" */ = {
			isa = XCConfigurationList;
			buildConfigurations = (
				67E1B8B72A9CD6EC00501051 /* Debug */,
				67E1B8B82A9CD6EC00501051 /* Release */,
			);
			defaultConfigurationIsVisible = 0;
			defaultConfigurationName = Release;
		};
		67E1B8B92A9CD6EC00501051 /* Build configuration list for PBXNativeTarget "MetalFluid" */ = {
			isa = XCConfigurationList;
			buildConfigurations = (
				67E1B8BA2A9CD6EC00501051 /* Debug */,
				67E1B8BB2A9CD6EC00501051 /* Release */,
			);
			defaultConfigurationIsVisible = 0;
			defaultConfigurationName = Release;
		};
/* End XCConfigurationList section */
	};
	rootObject = 67E1B89D2A9CD6EB00501051 /* Project object */;
}
